[[package]]
name = "scheduler-rs"
version = "0.1.0"
dependencies = [
 "uuid 0.7.1 (registry+https://github.com/rust-lang/crates.io-index)",
]

[[package]]
name = "uuid"
version = "0.7.1"
source = "registry+https://github.com/rust-lang/crates.io-index"

[metadata]
"checksum uuid 0.7.1 (registry+https://github.com/rust-lang/crates.io-index)" = "dab5c5526c5caa3d106653401a267fed923e7046f35895ffcb5ca42db64942e6"
